// !$*UTF8*$!
{
	archiveVersion = 1;
	classes = {
	};
	objectVersion = 50;
	objects = {

/* Begin PBXBuildFile section */
		3BC06C482459E88400B41E16 /* JsonClass.swift in Sources */ = {isa = PBXBuildFile; fileRef = 3BC06C472459E88400B41E16 /* JsonClass.swift */; };
		3BC06C4A2459E8A800B41E16 /* producto.swift in Sources */ = {isa = PBXBuildFile; fileRef = 3BC06C492459E8A800B41E16 /* producto.swift */; };
		3BC06C4C2459E8D900B41E16 /* TableViewController.swift in Sources */ = {isa = PBXBuildFile; fileRef = 3BC06C4B2459E8D900B41E16 /* TableViewController.swift */; };
		3BC06C4E2459E8FC00B41E16 /* TableViewCell.swift in Sources */ = {isa = PBXBuildFile; fileRef = 3BC06C4D2459E8FC00B41E16 /* TableViewCell.swift */; };
		3BCF7F582457213C0039209E /* AppDelegate.swift in Sources */ = {isa = PBXBuildFile; fileRef = 3BCF7F572457213C0039209E /* AppDelegate.swift */; };
		3BCF7F5A2457213C0039209E /* SceneDelegate.swift in Sources */ = {isa = PBXBuildFile; fileRef = 3BCF7F592457213C0039209E /* SceneDelegate.swift */; };
		3BCF7F5C2457213C0039209E /* ViewController.swift in Sources */ = {isa = PBXBuildFile; fileRef = 3BCF7F5B2457213C0039209E /* ViewController.swift */; };
		3BCF7F5F2457213C0039209E /* Main.storyboard in Resources */ = {isa = PBXBuildFile; fileRef = 3BCF7F5D2457213C0039209E /* Main.storyboard */; };
		3BCF7F61245721410039209E /* Assets.xcassets in Resources */ = {isa = PBXBuildFile; fileRef = 3BCF7F60245721410039209E /* Assets.xcassets */; };
		3BCF7F64245721410039209E /* LaunchScreen.storyboard in Resources */ = {isa = PBXBuildFile; fileRef = 3BCF7F62245721410039209E /* LaunchScreen.storyboard */; };
		3BCF7F6F245721420039209E /* CRUD_WebServicesTests.swift in Sources */ = {isa = PBXBuildFile; fileRef = 3BCF7F6E245721420039209E /* CRUD_WebServicesTests.swift */; };
		3BCF7F7A245721420039209E /* CRUD_WebServicesUITests.swift in Sources */ = {isa = PBXBuildFile; fileRef = 3BCF7F79245721420039209E /* CRUD_WebServicesUITests.swift */; };
/* End PBXBuildFile section */

/* Begin PBXContainerItemProxy section */
		3BCF7F6B245721420039209E /* PBXContainerItemProxy */ = {
			isa = PBXContainerItemProxy;
			containerPortal = 3BCF7F4C2457213C0039209E /* Project object */;
			proxyType = 1;
			remoteGlobalIDString = 3BCF7F532457213C0039209E;
			remoteInfo = "CRUD-WebServices";
		};
		3BCF7F76245721420039209E /* PBXContainerItemProxy */ = {
			isa = PBXContainerItemProxy;
			containerPortal = 3BCF7F4C2457213C0039209E /* Project object */;
			proxyType = 1;
			remoteGlobalIDString = 3BCF7F532457213C0039209E;
			remoteInfo = "CRUD-WebServices";
		};
/* End PBXContainerItemProxy section */

/* Begin PBXFileReference section */
		3BC06C472459E88400B41E16 /* JsonClass.swift */ = {isa = PBXFileReference; lastKnownFileType = sourcecode.swift; path = JsonClass.swift; sourceTree = "<group>"; };
		3BC06C492459E8A800B41E16 /* producto.swift */ = {isa = PBXFileReference; lastKnownFileType = sourcecode.swift; path = producto.swift; sourceTree = "<group>"; };
		3BC06C4B2459E8D900B41E16 /* TableViewController.swift */ = {isa = PBXFileReference; lastKnownFileType = sourcecode.swift; path = TableViewController.swift; sourceTree = "<group>"; };
		3BC06C4D2459E8FC00B41E16 /* TableViewCell.swift */ = {isa = PBXFileReference; lastKnownFileType = sourcecode.swift; path = TableViewCell.swift; sourceTree = "<group>"; };
		3BCF7F542457213C0039209E /* CRUD-WebServices.app */ = {isa = PBXFileReference; explicitFileType = wrapper.application; includeInIndex = 0; path = "CRUD-WebServices.app"; sourceTree = BUILT_PRODUCTS_DIR; };
		3BCF7F572457213C0039209E /* AppDelegate.swift */ = {isa = PBXFileReference; lastKnownFileType = sourcecode.swift; path = AppDelegate.swift; sourceTree = "<group>"; };
		3BCF7F592457213C0039209E /* SceneDelegate.swift */ = {isa = PBXFileReference; lastKnownFileType = sourcecode.swift; path = SceneDelegate.swift; sourceTree = "<group>"; };
		3BCF7F5B2457213C0039209E /* ViewController.swift */ = {isa = PBXFileReference; lastKnownFileType = sourcecode.swift; path = ViewController.swift; sourceTree = "<group>"; };
		3BCF7F5E2457213C0039209E /* Base */ = {isa = PBXFileReference; lastKnownFileType = file.storyboard; name = Base; path = Base.lproj/Main.storyboard; sourceTree = "<group>"; };
		3BCF7F60245721410039209E /* Assets.xcassets */ = {isa = PBXFileReference; lastKnownFileType = folder.assetcatalog; path = Assets.xcassets; sourceTree = "<group>"; };
		3BCF7F63245721410039209E /* Base */ = {isa = PBXFileReference; lastKnownFileType = file.storyboard; name = Base; path = Base.lproj/LaunchScreen.storyboard; sourceTree = "<group>"; };
		3BCF7F65245721410039209E /* Info.plist */ = {isa = PBXFileReference; lastKnownFileType = text.plist.xml; path = Info.plist; sourceTree = "<group>"; };
		3BCF7F6A245721420039209E /* CRUD-WebServicesTests.xctest */ = {isa = PBXFileReference; explicitFileType = wrapper.cfbundle; includeInIndex = 0; path = "CRUD-WebServicesTests.xctest"; sourceTree = BUILT_PRODUCTS_DIR; };
		3BCF7F6E245721420039209E /* CRUD_WebServicesTests.swift */ = {isa = PBXFileReference; lastKnownFileType = sourcecode.swift; path = CRUD_WebServicesTests.swift; sourceTree = "<group>"; };
		3BCF7F70245721420039209E /* Info.plist */ = {isa = PBXFileReference; lastKnownFileType = text.plist.xml; path = Info.plist; sourceTree = "<group>"; };
		3BCF7F75245721420039209E /* CRUD-WebServicesUITests.xctest */ = {isa = PBXFileReference; explicitFileType = wrapper.cfbundle; includeInIndex = 0; path = "CRUD-WebServicesUITests.xctest"; sourceTree = BUILT_PRODUCTS_DIR; };
		3BCF7F79245721420039209E /* CRUD_WebServicesUITests.swift */ = {isa = PBXFileReference; lastKnownFileType = sourcecode.swift; path = CRUD_WebServicesUITests.swift; sourceTree = "<group>"; };
		3BCF7F7B245721420039209E /* Info.plist */ = {isa = PBXFileReference; lastKnownFileType = text.plist.xml; path = Info.plist; sourceTree = "<group>"; };
/* End PBXFileReference section */

/* Begin PBXFrameworksBuildPhase section */
		3BCF7F512457213C0039209E /* Frameworks */ = {
			isa = PBXFrameworksBuildPhase;
			buildActionMask = 2147483647;
			files = (
			);
			runOnlyForDeploymentPostprocessing = 0;
		};
		3BCF7F67245721420039209E /* Frameworks */ = {
			isa = PBXFrameworksBuildPhase;
			buildActionMask = 2147483647;
			files = (
			);
			runOnlyForDeploymentPostprocessing = 0;
		};
		3BCF7F72245721420039209E /* Frameworks */ = {
			isa = PBXFrameworksBuildPhase;
			buildActionMask = 2147483647;
			files = (
			);
			runOnlyForDeploymentPostprocessing = 0;
		};
/* End PBXFrameworksBuildPhase section */

/* Begin PBXGroup section */
		3BCF7F4B2457213C0039209E = {
			isa = PBXGroup;
			children = (
				3BCF7F562457213C0039209E /* CRUD-WebServices */,
				3BCF7F6D245721420039209E /* CRUD-WebServicesTests */,
				3BCF7F78245721420039209E /* CRUD-WebServicesUITests */,
				3BCF7F552457213C0039209E /* Products */,
			);
			sourceTree = "<group>";
		};
		3BCF7F552457213C0039209E /* Products */ = {
			isa = PBXGroup;
			children = (
				3BCF7F542457213C0039209E /* CRUD-WebServices.app */,
				3BCF7F6A245721420039209E /* CRUD-WebServicesTests.xctest */,
				3BCF7F75245721420039209E /* CRUD-WebServicesUITests.xctest */,
			);
			name = Products;
			sourceTree = "<group>";
		};
		3BCF7F562457213C0039209E /* CRUD-WebServices */ = {
			isa = PBXGroup;
			children = (
				3BCF7F572457213C0039209E /* AppDelegate.swift */,
				3BCF7F592457213C0039209E /* SceneDelegate.swift */,
				3BCF7F5B2457213C0039209E /* ViewController.swift */,
				3BCF7F5D2457213C0039209E /* Main.storyboard */,
				3BCF7F60245721410039209E /* Assets.xcassets */,
				3BCF7F62245721410039209E /* LaunchScreen.storyboard */,
				3BCF7F65245721410039209E /* Info.plist */,
				3BC06C472459E88400B41E16 /* JsonClass.swift */,
				3BC06C492459E8A800B41E16 /* producto.swift */,
				3BC06C4B2459E8D900B41E16 /* TableViewController.swift */,
				3BC06C4D2459E8FC00B41E16 /* TableViewCell.swift */,
			);
			path = "CRUD-WebServices";
			sourceTree = "<group>";
		};
		3BCF7F6D245721420039209E /* CRUD-WebServicesTests */ = {
			isa = PBXGroup;
			children = (
				3BCF7F6E245721420039209E /* CRUD_WebServicesTests.swift */,
				3BCF7F70245721420039209E /* Info.plist */,
			);
			path = "CRUD-WebServicesTests";
			sourceTree = "<group>";
		};
		3BCF7F78245721420039209E /* CRUD-WebServicesUITests */ = {
			isa = PBXGroup;
			children = (
				3BCF7F79245721420039209E /* CRUD_WebServicesUITests.swift */,
				3BCF7F7B245721420039209E /* Info.plist */,
			);
			path = "CRUD-WebServicesUITests";
			sourceTree = "<group>";
		};
/* End PBXGroup section */

/* Begin PBXNativeTarget section */
		3BCF7F532457213C0039209E /* CRUD-WebServices */ = {
			isa = PBXNativeTarget;
			buildConfigurationList = 3BCF7F7E245721420039209E /* Build configuration list for PBXNativeTarget "CRUD-WebServices" */;
			buildPhases = (
				3BCF7F502457213C0039209E /* Sources */,
				3BCF7F512457213C0039209E /* Frameworks */,
				3BCF7F522457213C0039209E /* Resources */,
			);
			buildRules = (
			);
			dependencies = (
			);
			name = "CRUD-WebServices";
			productName = "CRUD-WebServices";
			productReference = 3BCF7F542457213C0039209E /* CRUD-WebServices.app */;
			productType = "com.apple.product-type.application";
		};
		3BCF7F69245721420039209E /* CRUD-WebServicesTests */ = {
			isa = PBXNativeTarget;
			buildConfigurationList = 3BCF7F81245721420039209E /* Build configuration list for PBXNativeTarget "CRUD-WebServicesTests" */;
			buildPhases = (
				3BCF7F66245721420039209E /* Sources */,
				3BCF7F67245721420039209E /* Frameworks */,
				3BCF7F68245721420039209E /* Resources */,
			);
			buildRules = (
			);
			dependencies = (
				3BCF7F6C245721420039209E /* PBXTargetDependency */,
			);
			name = "CRUD-WebServicesTests";
			productName = "CRUD-WebServicesTests";
			productReference = 3BCF7F6A245721420039209E /* CRUD-WebServicesTests.xctest */;
			productType = "com.apple.product-type.bundle.unit-test";
		};
		3BCF7F74245721420039209E /* CRUD-WebServicesUITests */ = {
			isa = PBXNativeTarget;
			buildConfigurationList = 3BCF7F84245721420039209E /* Build configuration list for PBXNativeTarget "CRUD-WebServicesUITests" */;
			buildPhases = (
				3BCF7F71245721420039209E /* Sources */,
				3BCF7F72245721420039209E /* Frameworks */,
				3BCF7F73245721420039209E /* Resources */,
			);
			buildRules = (
			);
			dependencies = (
				3BCF7F77245721420039209E /* PBXTargetDependency */,
			);
			name = "CRUD-WebServicesUITests";
			productName = "CRUD-WebServicesUITests";
			productReference = 3BCF7F75245721420039209E /* CRUD-WebServicesUITests.xctest */;
			productType = "com.apple.product-type.bundle.ui-testing";
		};
/* End PBXNativeTarget section */

/* Begin PBXProject section */
		3BCF7F4C2457213C0039209E /* Project object */ = {
			isa = PBXProject;
			attributes = {
				LastSwiftUpdateCheck = 1140;
				LastUpgradeCheck = 1140;
				ORGANIZATIONNAME = Francisco;
				TargetAttributes = {
					3BCF7F532457213C0039209E = {
						CreatedOnToolsVersion = 11.4.1;
					};
					3BCF7F69245721420039209E = {
						CreatedOnToolsVersion = 11.4.1;
						TestTargetID = 3BCF7F532457213C0039209E;
					};
					3BCF7F74245721420039209E = {
						CreatedOnToolsVersion = 11.4.1;
						TestTargetID = 3BCF7F532457213C0039209E;
					};
				};
			};
			buildConfigurationList = 3BCF7F4F2457213C0039209E /* Build configuration list for PBXProject "CRUD-WebServices" */;
			compatibilityVersion = "Xcode 9.3";
			developmentRegion = en;
			hasScannedForEncodings = 0;
			knownRegions = (
				en,
				Base,
			);
			mainGroup = 3BCF7F4B2457213C0039209E;
			productRefGroup = 3BCF7F552457213C0039209E /* Products */;
			projectDirPath = "";
			projectRoot = "";
			targets = (
				3BCF7F532457213C0039209E /* CRUD-WebServices */,
				3BCF7F69245721420039209E /* CRUD-WebServicesTests */,
				3BCF7F74245721420039209E /* CRUD-WebServicesUITests */,
			);
		};
/* End PBXProject section */

/* Begin PBXResourcesBuildPhase section */
		3BCF7F522457213C0039209E /* Resources */ = {
			isa = PBXResourcesBuildPhase;
			buildActionMask = 2147483647;
			files = (
				3BCF7F64245721410039209E /* LaunchScreen.storyboard in Resources */,
				3BCF7F61245721410039209E /* Assets.xcassets in Resources */,
				3BCF7F5F2457213C0039209E /* Main.storyboard in Resources */,
			);
			runOnlyForDeploymentPostprocessing = 0;
		};
		3BCF7F68245721420039209E /* Resources */ = {
			isa = PBXResourcesBuildPhase;
			buildActionMask = 2147483647;
			files = (
			);
			runOnlyForDeploymentPostprocessing = 0;
		};
		3BCF7F73245721420039209E /* Resources */ = {
			isa = PBXResourcesBuildPhase;
			buildActionMask = 2147483647;
			files = (
			);
			runOnlyForDeploymentPostprocessing = 0;
		};
/* End PBXResourcesBuildPhase section */

/* Begin PBXSourcesBuildPhase section */
		3BCF7F502457213C0039209E /* Sources */ = {
			isa = PBXSourcesBuildPhase;
			buildActionMask = 2147483647;
			files = (
				3BCF7F5C2457213C0039209E /* ViewController.swift in Sources */,
				3BC06C4C2459E8D900B41E16 /* TableViewController.swift in Sources */,
				3BC06C4A2459E8A800B41E16 /* producto.swift in Sources */,
				3BCF7F582457213C0039209E /* AppDelegate.swift in Sources */,
				3BC06C482459E88400B41E16 /* JsonClass.swift in Sources */,
				3BC06C4E2459E8FC00B41E16 /* TableViewCell.swift in Sources */,
				3BCF7F5A2457213C0039209E /* SceneDelegate.swift in Sources */,
			);
			runOnlyForDeploymentPostprocessing = 0;
		};
		3BCF7F66245721420039209E /* Sources */ = {
			isa = PBXSourcesBuildPhase;
			buildActionMask = 2147483647;
			files = (
				3BCF7F6F245721420039209E /* CRUD_WebServicesTests.swift in Sources */,
			);
			runOnlyForDeploymentPostprocessing = 0;
		};
		3BCF7F71245721420039209E /* Sources */ = {
			isa = PBXSourcesBuildPhase;
			buildActionMask = 2147483647;
			files = (
				3BCF7F7A245721420039209E /* CRUD_WebServicesUITests.swift in Sources */,
			);
			runOnlyForDeploymentPostprocessing = 0;
		};
/* End PBXSourcesBuildPhase section */

/* Begin PBXTargetDependency section */
		3BCF7F6C245721420039209E /* PBXTargetDependency */ = {
			isa = PBXTargetDependency;
			target = 3BCF7F532457213C0039209E /* CRUD-WebServices */;
			targetProxy = 3BCF7F6B245721420039209E /* PBXContainerItemProxy */;
		};
		3BCF7F77245721420039209E /* PBXTargetDependency */ = {
			isa = PBXTargetDependency;
			target = 3BCF7F532457213C0039209E /* CRUD-WebServices */;
			targetProxy = 3BCF7F76245721420039209E /* PBXContainerItemProxy */;
		};
/* End PBXTargetDependency section */

/* Begin PBXVariantGroup section */
		3BCF7F5D2457213C0039209E /* Main.storyboard */ = {
			isa = PBXVariantGroup;
			children = (
				3BCF7F5E2457213C0039209E /* Base */,
			);
			name = Main.storyboard;
			sourceTree = "<group>";
		};
		3BCF7F62245721410039209E /* LaunchScreen.storyboard */ = {
			isa = PBXVariantGroup;
			children = (
				3BCF7F63245721410039209E /* Base */,
			);
			name = LaunchScreen.storyboard;
			sourceTree = "<group>";
		};
/* End PBXVariantGroup section */

/* Begin XCBuildConfiguration section */
		3BCF7F7C245721420039209E /* Debug */ = {
			isa = XCBuildConfiguration;
			buildSettings = {
				ALWAYS_SEARCH_USER_PATHS = NO;
				CLANG_ANALYZER_NONNULL = YES;
				CLANG_ANALYZER_NUMBER_OBJECT_CONVERSION = YES_AGGRESSIVE;
				CLANG_CXX_LANGUAGE_STANDARD = "gnu++14";
				CLANG_CXX_LIBRARY = "libc++";
				CLANG_ENABLE_MODULES = YES;
				CLANG_ENABLE_OBJC_ARC = YES;
				CLANG_ENABLE_OBJC_WEAK = YES;
				CLANG_WARN_BLOCK_CAPTURE_AUTORELEASING = YES;
				CLANG_WARN_BOOL_CONVERSION = YES;
				CLANG_WARN_COMMA = YES;
				CLANG_WARN_CONSTANT_CONVERSION = YES;
				CLANG_WARN_DEPRECATED_OBJC_IMPLEMENTATIONS = YES;
				CLANG_WARN_DIRECT_OBJC_ISA_USAGE = YES_ERROR;
				CLANG_WARN_DOCUMENTATION_COMMENTS = YES;
				CLANG_WARN_EMPTY_BODY = YES;
				CLANG_WARN_ENUM_CONVERSION = YES;
				CLANG_WARN_INFINITE_RECURSION = YES;
				CLANG_WARN_INT_CONVERSION = YES;
				CLANG_WARN_NON_LITERAL_NULL_CONVERSION = YES;
				CLANG_WARN_OBJC_IMPLICIT_RETAIN_SELF = YES;
				CLANG_WARN_OBJC_LITERAL_CONVERSION = YES;
				CLANG_WARN_OBJC_ROOT_CLASS = YES_ERROR;
				CLANG_WARN_RANGE_LOOP_ANALYSIS = YES;
				CLANG_WARN_STRICT_PROTOTYPES = YES;
				CLANG_WARN_SUSPICIOUS_MOVE = YES;
				CLANG_WARN_UNGUARDED_AVAILABILITY = YES_AGGRESSIVE;
				CLANG_WARN_UNREACHABLE_CODE = YES;
				CLANG_WARN__DUPLICATE_METHOD_MATCH = YES;
				COPY_PHASE_STRIP = NO;
				DEBUG_INFORMATION_FORMAT = dwarf;
				ENABLE_STRICT_OBJC_MSGSEND = YES;
				ENABLE_TESTABILITY = YES;
				GCC_C_LANGUAGE_STANDARD = gnu11;
				GCC_DYNAMIC_NO_PIC = NO;
				GCC_NO_COMMON_BLOCKS = YES;
				GCC_OPTIMIZATION_LEVEL = 0;
				GCC_PREPROCESSOR_DEFINITIONS = (
					"DEBUG=1",
					"$(inherited)",
				);
				GCC_WARN_64_TO_32_BIT_CONVERSION = YES;
				GCC_WARN_ABOUT_RETURN_TYPE = YES_ERROR;
				GCC_WARN_UNDECLARED_SELECTOR = YES;
				GCC_WARN_UNINITIALIZED_AUTOS = YES_AGGRESSIVE;
				GCC_WARN_UNUSED_FUNCTION = YES;
				GCC_WARN_UNUSED_VARIABLE = YES;
				IPHONEOS_DEPLOYMENT_TARGET = 13.4;
				MTL_ENABLE_DEBUG_INFO = INCLUDE_SOURCE;
				MTL_FAST_MATH = YES;
				ONLY_ACTIVE_ARCH = YES;
				SDKROOT = iphoneos;
				SWIFT_ACTIVE_COMPILATION_CONDITIONS = DEBUG;
				SWIFT_OPTIMIZATION_LEVEL = "-Onone";
			};
			name = Debug;
		};
		3BCF7F7D245721420039209E /* Release */ = {
			isa = XCBuildConfiguration;
			buildSettings = {
				ALWAYS_SEARCH_USER_PATHS = NO;
				CLANG_ANALYZER_NONNULL = YES;
				CLANG_ANALYZER_NUMBER_OBJECT_CONVERSION = YES_AGGRESSIVE;
				CLANG_CXX_LANGUAGE_STANDARD = "gnu++14";
				CLANG_CXX_LIBRARY = "libc++";
				CLANG_ENABLE_MODULES = YES;
				CLANG_ENABLE_OBJC_ARC = YES;
				CLANG_ENABLE_OBJC_WEAK = YES;
				CLANG_WARN_BLOCK_CAPTURE_AUTORELEASING = YES;
				CLANG_WARN_BOOL_CONVERSION = YES;
				CLANG_WARN_COMMA = YES;
				CLANG_WARN_CONSTANT_CONVERSION = YES;
				CLANG_WARN_DEPRECATED_OBJC_IMPLEMENTATIONS = YES;
				CLANG_WARN_DIRECT_OBJC_ISA_USAGE = YES_ERROR;
				CLANG_WARN_DOCUMENTATION_COMMENTS = YES;
				CLANG_WARN_EMPTY_BODY = YES;
				CLANG_WARN_ENUM_CONVERSION = YES;
				CLANG_WARN_INFINITE_RECURSION = YES;
				CLANG_WARN_INT_CONVERSION = YES;
				CLANG_WARN_NON_LITERAL_NULL_CONVERSION = YES;
				CLANG_WARN_OBJC_IMPLICIT_RETAIN_SELF = YES;
				CLANG_WARN_OBJC_LITERAL_CONVERSION = YES;
				CLANG_WARN_OBJC_ROOT_CLASS = YES_ERROR;
				CLANG_WARN_RANGE_LOOP_ANALYSIS = YES;
				CLANG_WARN_STRICT_PROTOTYPES = YES;
				CLANG_WARN_SUSPICIOUS_MOVE = YES;
				CLANG_WARN_UNGUARDED_AVAILABILITY = YES_AGGRESSIVE;
				CLANG_WARN_UNREACHABLE_CODE = YES;
				CLANG_WARN__DUPLICATE_METHOD_MATCH = YES;
				COPY_PHASE_STRIP = NO;
				DEBUG_INFORMATION_FORMAT = "dwarf-with-dsym";
				ENABLE_NS_ASSERTIONS = NO;
				ENABLE_STRICT_OBJC_MSGSEND = YES;
				GCC_C_LANGUAGE_STANDARD = gnu11;
				GCC_NO_COMMON_BLOCKS = YES;
				GCC_WARN_64_TO_32_BIT_CONVERSION = YES;
				GCC_WARN_ABOUT_RETURN_TYPE = YES_ERROR;
				GCC_WARN_UNDECLARED_SELECTOR = YES;
				GCC_WARN_UNINITIALIZED_AUTOS = YES_AGGRESSIVE;
				GCC_WARN_UNUSED_FUNCTION = YES;
				GCC_WARN_UNUSED_VARIABLE = YES;
				IPHONEOS_DEPLOYMENT_TARGET = 13.4;
				MTL_ENABLE_DEBUG_INFO = NO;
				MTL_FAST_MATH = YES;
				SDKROOT = iphoneos;
				SWIFT_COMPILATION_MODE = wholemodule;
				SWIFT_OPTIMIZATION_LEVEL = "-O";
				VALIDATE_PRODUCT = YES;
			};
			name = Release;
		};
		3BCF7F7F245721420039209E /* Debug */ = {
			isa = XCBuildConfiguration;
			buildSettings = {
				ASSETCATALOG_COMPILER_APPICON_NAME = AppIcon;
				CODE_SIGN_STYLE = Automatic;
				INFOPLIST_FILE = "CRUD-WebServices/Info.plist";
				LD_RUNPATH_SEARCH_PATHS = (
					"$(inherited)",
					"@executable_path/Frameworks",
				);
				PRODUCT_BUNDLE_IDENTIFIER = "StarkIndustries.CRUD-WebServices";
				PRODUCT_NAME = "$(TARGET_NAME)";
				SWIFT_VERSION = 5.0;
				TARGETED_DEVICE_FAMILY = "1,2";
			};
			name = Debug;
		};
		3BCF7F80245721420039209E /* Release */ = {
			isa = XCBuildConfiguration;
			buildSettings = {
				ASSETCATALOG_COMPILER_APPICON_NAME = AppIcon;
				CODE_SIGN_STYLE = Automatic;
				INFOPLIST_FILE = "CRUD-WebServices/Info.plist";
				LD_RUNPATH_SEARCH_PATHS = (
					"$(inherited)",
					"@executable_path/Frameworks",
				);
				PRODUCT_BUNDLE_IDENTIFIER = "StarkIndustries.CRUD-WebServices";
				PRODUCT_NAME = "$(TARGET_NAME)";
				SWIFT_VERSION = 5.0;
				TARGETED_DEVICE_FAMILY = "1,2";
			};
			name = Release;
		};
		3BCF7F82245721420039209E /* Debug */ = {
			isa = XCBuildConfiguration;
			buildSettings = {
				ALWAYS_EMBED_SWIFT_STANDARD_LIBRARIES = YES;
				BUNDLE_LOADER = "$(TEST_HOST)";
				CODE_SIGN_STYLE = Automatic;
				INFOPLIST_FILE = "CRUD-WebServicesTests/Info.plist";
				IPHONEOS_DEPLOYMENT_TARGET = 13.4;
				LD_RUNPATH_SEARCH_PATHS = (
					"$(inherited)",
					"@executable_path/Frameworks",
					"@loader_path/Frameworks",
				);
				PRODUCT_BUNDLE_IDENTIFIER = "StarkIndustries.CRUD-WebServicesTests";
				PRODUCT_NAME = "$(TARGET_NAME)";
				SWIFT_VERSION = 5.0;
				TARGETED_DEVICE_FAMILY = "1,2";
				TEST_HOST = "$(BUILT_PRODUCTS_DIR)/CRUD-WebServices.app/CRUD-WebServices";
			};
			name = Debug;
		};
		3BCF7F83245721420039209E /* Release */ = {
			isa = XCBuildConfiguration;
			buildSettings = {
				ALWAYS_EMBED_SWIFT_STANDARD_LIBRARIES = YES;
				BUNDLE_LOADER = "$(TEST_HOST)";
				CODE_SIGN_STYLE = Automatic;
				INFOPLIST_FILE = "CRUD-WebServicesTests/Info.plist";
				IPHONEOS_DEPLOYMENT_TARGET = 13.4;
				LD_RUNPATH_SEARCH_PATHS = (
					"$(inherited)",
					"@executable_path/Frameworks",
					"@loader_path/Frameworks",
				);
				PRODUCT_BUNDLE_IDENTIFIER = "StarkIndustries.CRUD-WebServicesTests";
				PRODUCT_NAME = "$(TARGET_NAME)";
				SWIFT_VERSION = 5.0;
				TARGETED_DEVICE_FAMILY = "1,2";
				TEST_HOST = "$(BUILT_PRODUCTS_DIR)/CRUD-WebServices.app/CRUD-WebServices";
			};
			name = Release;
		};
		3BCF7F85245721420039209E /* Debug */ = {
			isa = XCBuildConfiguration;
			buildSettings = {
				ALWAYS_EMBED_SWIFT_STANDARD_LIBRARIES = YES;
				CODE_SIGN_STYLE = Automatic;
				INFOPLIST_FILE = "CRUD-WebServicesUITests/Info.plist";
				LD_RUNPATH_SEARCH_PATHS = (
					"$(inherited)",
					"@executable_path/Frameworks",
					"@loader_path/Frameworks",
				);
				PRODUCT_BUNDLE_IDENTIFIER = "StarkIndustries.CRUD-WebServicesUITests";
				PRODUCT_NAME = "$(TARGET_NAME)";
				SWIFT_VERSION = 5.0;
				TARGETED_DEVICE_FAMILY = "1,2";
				TEST_TARGET_NAME = "CRUD-WebServices";
			};
			name = Debug;
		};
		3BCF7F86245721420039209E /* Release */ = {
			isa = XCBuildConfiguration;
			buildSettings = {
				ALWAYS_EMBED_SWIFT_STANDARD_LIBRARIES = YES;
				CODE_SIGN_STYLE = Automatic;
				INFOPLIST_FILE = "CRUD-WebServicesUITests/Info.plist";
				LD_RUNPATH_SEARCH_PATHS = (
					"$(inherited)",
					"@executable_path/Frameworks",
					"@loader_path/Frameworks",
				);
				PRODUCT_BUNDLE_IDENTIFIER = "StarkIndustries.CRUD-WebServicesUITests";
				PRODUCT_NAME = "$(TARGET_NAME)";
				SWIFT_VERSION = 5.0;
				TARGETED_DEVICE_FAMILY = "1,2";
				TEST_TARGET_NAME = "CRUD-WebServices";
			};
			name = Release;
		};
/* End XCBuildConfiguration section */

/* Begin XCConfigurationList section */
		3BCF7F4F2457213C0039209E /* Build configuration list for PBXProject "CRUD-WebServices" */ = {
			isa = XCConfigurationList;
			buildConfigurations = (
				3BCF7F7C245721420039209E /* Debug */,
				3BCF7F7D245721420039209E /* Release */,
			);
			defaultConfigurationIsVisible = 0;
			defaultConfigurationName = Release;
		};
		3BCF7F7E245721420039209E /* Build configuration list for PBXNativeTarget "CRUD-WebServices" */ = {
			isa = XCConfigurationList;
			buildConfigurations = (
				3BCF7F7F245721420039209E /* Debug */,
				3BCF7F80245721420039209E /* Release */,
			);
			defaultConfigurationIsVisible = 0;
			defaultConfigurationName = Release;
		};
		3BCF7F81245721420039209E /* Build configuration list for PBXNativeTarget "CRUD-WebServicesTests" */ = {
			isa = XCConfigurationList;
			buildConfigurations = (
				3BCF7F82245721420039209E /* Debug */,
				3BCF7F83245721420039209E /* Release */,
			);
			defaultConfigurationIsVisible = 0;
			defaultConfigurationName = Release;
		};
		3BCF7F84245721420039209E /* Build configuration list for PBXNativeTarget "CRUD-WebServicesUITests" */ = {
			isa = XCConfigurationList;
			buildConfigurations = (
				3BCF7F85245721420039209E /* Debug */,
				3BCF7F86245721420039209E /* Release */,
			);
			defaultConfigurationIsVisible = 0;
			defaultConfigurationName = Release;
		};
/* End XCConfigurationList section */
	};
	rootObject = 3BCF7F4C2457213C0039209E /* Project object */;
}
